
Microsoft Visual Studio Solution File, Format Version 12.00
# Visual Studio Version 16
VisualStudioVersion = 16.0.29025.244
MinimumVisualStudioVersion = 10.0.40219.1
Project("{FAE04EC0-301F-11D3-BF4B-00C04F79EFBC}") = "IGotArrivedAtTheLab", "IGotArrivedAtTheLab\IGotArrivedAtTheLab.csproj", "{F241B35A-E4A1-4C97-8024-EFF721D80119}"
EndProject
Global
	GlobalSection(SolutionConfigurationPlatforms) = preSolution
		Debug|Any CPU = Debug|Any CPU
		Release|Any CPU = Release|Any CPU
	EndGlobalSection
	GlobalSection(ProjectConfigurationPlatforms) = postSolution
		{F241B35A-E4A1-4C97-8024-EFF721D80119}.Debug|Any CPU.ActiveCfg = Debug|Any CPU
		{F241B35A-E4A1-4C97-8024-EFF721D80119}.Debug|Any CPU.Build.0 = Debug|Any CPU
		{F241B35A-E4A1-4C97-8024-EFF721D80119}.Release|Any CPU.ActiveCfg = Release|Any CPU
		{F241B35A-E4A1-4C97-8024-EFF721D80119}.Release|Any CPU.Build.0 = Release|Any CPU
	EndGlobalSection
	GlobalSection(SolutionProperties) = preSolution
		HideSolutionNode = FALSE
	EndGlobalSection
	GlobalSection(ExtensibilityGlobals) = postSolution
		SolutionGuid = {F9A356DF-D014-49A8-905C-2D31052821BD}
	EndGlobalSection
EndGlobal
